Microsoft Visual Studio Solution File, Format Version 12.00
# Visual Studio 2013
VisualStudioVersion = 12.0.21005.1
MinimumVisualStudioVersion = 10.0.40219.1
Project("{8BC9CEB8-8B4A-11D0-8D11-00A0C91BC942}") = "airspy", "airspy.vcxproj", "{7A6C1D5C-37FC-436E-8E7B-1EB3B2B3716D}"
EndProject
Global
	GlobalSection(SolutionConfigurationPlatforms) = preSolution
		Debug|Win32 = Debug|Win32
		Release|Win32 = Release|Win32
	EndGlobalSection
	GlobalSection(ProjectConfigurationPlatforms) = postSolution
		{7A6C1D5C-37FC-436E-8E7B-1EB3B2B3716D}.Debug|Win32.ActiveCfg = Debug|Win32
		{7A6C1D5C-37FC-436E-8E7B-1EB3B2B3716D}.Debug|Win32.Build.0 = Debug|Win32
		{7A6C1D5C-37FC-436E-8E7B-1EB3B2B3716D}.Release|Win32.ActiveCfg = Release|Win32
		{7A6C1D5C-37FC-436E-8E7B-1EB3B2B3716D}.Release|Win32.Build.0 = Release|Win32
	EndGlobalSection
	GlobalSection(SolutionProperties) = preSolution
		HideSolutionNode = FALSE
	EndGlobalSection
EndGlobal
